
Microsoft Visual Studio Solution File, Format Version 12.00
# Visual Studio Version 17
VisualStudioVersion = 17.8.34525.116
MinimumVisualStudioVersion = 10.0.40219.1
Project("{FAE04EC0-301F-11D3-BF4B-00C04F79EFBC}") = "SandPhysics", "SandPhysics\SandPhysics.csproj", "{20CF9FCC-1138-44DA-B241-61414661B173}"
EndProject
Global
	GlobalSection(SolutionConfigurationPlatforms) = preSolution
		Debug|Any CPU = Debug|Any CPU
		Release|Any CPU = Release|Any CPU
	EndGlobalSection
	GlobalSection(ProjectConfigurationPlatforms) = postSolution
		{20CF9FCC-1138-44DA-B241-61414661B173}.Debug|Any CPU.ActiveCfg = Debug|Any CPU
		{20CF9FCC-1138-44DA-B241-61414661B173}.Debug|Any CPU.Build.0 = Debug|Any CPU
		{20CF9FCC-1138-44DA-B241-61414661B173}.Release|Any CPU.ActiveCfg = Release|Any CPU
		{20CF9FCC-1138-44DA-B241-61414661B173}.Release|Any CPU.Build.0 = Release|Any CPU
	EndGlobalSection
	GlobalSection(SolutionProperties) = preSolution
		HideSolutionNode = FALSE
	EndGlobalSection
	GlobalSection(ExtensibilityGlobals) = postSolution
		SolutionGuid = {607B16FB-910F-4DA4-BACD-F9D3D9BD560C}
	EndGlobalSection
EndGlobal
